
Microsoft Visual Studio Solution File, Format Version 12.00
# Visual Studio Version 17
VisualStudioVersion = 17.0.31903.59
MinimumVisualStudioVersion = 10.0.40219.1
Project("{FAE04EC0-301F-11D3-BF4B-00C04F79EFBC}") = "Persistencia", "Persistencia\Persistencia.csproj", "{BA0E53BE-8ECE-4C92-AB93-83BB27EAA586}"
EndProject
Project("{FAE04EC0-301F-11D3-BF4B-00C04F79EFBC}") = "Dominio", "Dominio\Dominio.csproj", "{26BB536A-396B-4200-A8A0-D9DD941880BA}"
EndProject
Project("{FAE04EC0-301F-11D3-BF4B-00C04F79EFBC}") = "Aplicacion", "Aplicacion\Aplicacion.csproj", "{D5BA292C-537C-4EDD-BA01-E57EABB43617}"
EndProject
Project("{FAE04EC0-301F-11D3-BF4B-00C04F79EFBC}") = "ApiAlquiler", "ApiAlquiler\ApiAlquiler.csproj", "{69F01319-8712-4A48-99A9-FEAA2A2A2689}"
EndProject
Global
	GlobalSection(SolutionConfigurationPlatforms) = preSolution
		Debug|Any CPU = Debug|Any CPU
		Release|Any CPU = Release|Any CPU
	EndGlobalSection
	GlobalSection(SolutionProperties) = preSolution
		HideSolutionNode = FALSE
	EndGlobalSection
	GlobalSection(ProjectConfigurationPlatforms) = postSolution
		{BA0E53BE-8ECE-4C92-AB93-83BB27EAA586}.Debug|Any CPU.ActiveCfg = Debug|Any CPU
		{BA0E53BE-8ECE-4C92-AB93-83BB27EAA586}.Debug|Any CPU.Build.0 = Debug|Any CPU
		{BA0E53BE-8ECE-4C92-AB93-83BB27EAA586}.Release|Any CPU.ActiveCfg = Release|Any CPU
		{BA0E53BE-8ECE-4C92-AB93-83BB27EAA586}.Release|Any CPU.Build.0 = Release|Any CPU
		{26BB536A-396B-4200-A8A0-D9DD941880BA}.Debug|Any CPU.ActiveCfg = Debug|Any CPU
		{26BB536A-396B-4200-A8A0-D9DD941880BA}.Debug|Any CPU.Build.0 = Debug|Any CPU
		{26BB536A-396B-4200-A8A0-D9DD941880BA}.Release|Any CPU.ActiveCfg = Release|Any CPU
		{26BB536A-396B-4200-A8A0-D9DD941880BA}.Release|Any CPU.Build.0 = Release|Any CPU
		{D5BA292C-537C-4EDD-BA01-E57EABB43617}.Debug|Any CPU.ActiveCfg = Debug|Any CPU
		{D5BA292C-537C-4EDD-BA01-E57EABB43617}.Debug|Any CPU.Build.0 = Debug|Any CPU
		{D5BA292C-537C-4EDD-BA01-E57EABB43617}.Release|Any CPU.ActiveCfg = Release|Any CPU
		{D5BA292C-537C-4EDD-BA01-E57EABB43617}.Release|Any CPU.Build.0 = Release|Any CPU
		{69F01319-8712-4A48-99A9-FEAA2A2A2689}.Debug|Any CPU.ActiveCfg = Debug|Any CPU
		{69F01319-8712-4A48-99A9-FEAA2A2A2689}.Debug|Any CPU.Build.0 = Debug|Any CPU
		{69F01319-8712-4A48-99A9-FEAA2A2A2689}.Release|Any CPU.ActiveCfg = Release|Any CPU
		{69F01319-8712-4A48-99A9-FEAA2A2A2689}.Release|Any CPU.Build.0 = Release|Any CPU
	EndGlobalSection
EndGlobal
